
Microsoft Visual Studio Solution File, Format Version 12.00
# Visual Studio 15
VisualStudioVersion = 15.0.27428.2015
MinimumVisualStudioVersion = 10.0.40219.1
Project("{8BC9CEB8-8B4A-11D0-8D11-00A0C91BC942}") = "host_windows", "host_windows\host_windows.vcxproj", "{D8470C8A-1434-4ACB-9CB5-B7EC3FD92903}"
	ProjectSection(ProjectDependencies) = postProject
		{F7AB57BB-BA05-44F7-BD41-C39290DFE829} = {F7AB57BB-BA05-44F7-BD41-C39290DFE829}
	EndProjectSection
EndProject
Project("{8BC9CEB8-8B4A-11D0-8D11-00A0C91BC942}") = "vJoyInterfaceStat", "..\..\..\external\vJoy\apps\common\vJoyInterfaceStat\vJoyInterfaceStat2012.vcxproj", "{F7AB57BB-BA05-44F7-BD41-C39290DFE829}"
	ProjectSection(ProjectDependencies) = postProject
		{9EB6193B-FCC1-450F-9B1F-B64E8B380940} = {9EB6193B-FCC1-450F-9B1F-B64E8B380940}
	EndProjectSection
EndProject
Project("{8BC9CEB8-8B4A-11D0-8D11-00A0C91BC942}") = "CreateVersion", "..\..\..\external\vJoy\CreateVersion\CreateVersion.vcxproj", "{9EB6193B-FCC1-450F-9B1F-B64E8B380940}"
EndProject
Global
	GlobalSection(SolutionConfigurationPlatforms) = preSolution
		Debug_CPP|ARM = Debug_CPP|ARM
		Debug_CPP|ARM64 = Debug_CPP|ARM64
		Debug_CPP|x64 = Debug_CPP|x64
		Debug_CPP|x86 = Debug_CPP|x86
		Debug_STAT|ARM = Debug_STAT|ARM
		Debug_STAT|ARM64 = Debug_STAT|ARM64
		Debug_STAT|x64 = Debug_STAT|x64
		Debug_STAT|x86 = Debug_STAT|x86
		Debug|ARM = Debug|ARM
		Debug|ARM64 = Debug|ARM64
		Debug|x64 = Debug|x64
		Debug|x86 = Debug|x86
		Debug-Xbox|ARM = Debug-Xbox|ARM
		Debug-Xbox|ARM64 = Debug-Xbox|ARM64
		Debug-Xbox|x64 = Debug-Xbox|x64
		Debug-Xbox|x86 = Debug-Xbox|x86
		Release_CPP|ARM = Release_CPP|ARM
		Release_CPP|ARM64 = Release_CPP|ARM64
		Release_CPP|x64 = Release_CPP|x64
		Release_CPP|x86 = Release_CPP|x86
		Release_STAT|ARM = Release_STAT|ARM
		Release_STAT|ARM64 = Release_STAT|ARM64
		Release_STAT|x64 = Release_STAT|x64
		Release_STAT|x86 = Release_STAT|x86
		Release|ARM = Release|ARM
		Release|ARM64 = Release|ARM64
		Release|x64 = Release|x64
		Release|x86 = Release|x86
		Release-Xbox|ARM = Release-Xbox|ARM
		Release-Xbox|ARM64 = Release-Xbox|ARM64
		Release-Xbox|x64 = Release-Xbox|x64
		Release-Xbox|x86 = Release-Xbox|x86
		Vista Debug|ARM = Vista Debug|ARM
		Vista Debug|ARM64 = Vista Debug|ARM64
		Vista Debug|x64 = Vista Debug|x64
		Vista Debug|x86 = Vista Debug|x86
		Vista Release|ARM = Vista Release|ARM
		Vista Release|ARM64 = Vista Release|ARM64
		Vista Release|x64 = Vista Release|x64
		Vista Release|x86 = Vista Release|x86
		Win7 Debug|ARM = Win7 Debug|ARM
		Win7 Debug|ARM64 = Win7 Debug|ARM64
		Win7 Debug|x64 = Win7 Debug|x64
		Win7 Debug|x86 = Win7 Debug|x86
		Win7 Release|ARM = Win7 Release|ARM
		Win7 Release|ARM64 = Win7 Release|ARM64
		Win7 Release|x64 = Win7 Release|x64
		Win7 Release|x86 = Win7 Release|x86
		Win8 Debug|ARM = Win8 Debug|ARM
		Win8 Debug|ARM64 = Win8 Debug|ARM64
		Win8 Debug|x64 = Win8 Debug|x64
		Win8 Debug|x86 = Win8 Debug|x86
		Win8 Release|ARM = Win8 Release|ARM
		Win8 Release|ARM64 = Win8 Release|ARM64
		Win8 Release|x64 = Win8 Release|x64
		Win8 Release|x86 = Win8 Release|x86
	EndGlobalSection
	GlobalSection(ProjectConfigurationPlatforms) = postSolution
		{D8470C8A-1434-4ACB-9CB5-B7EC3FD92903}.Debug_CPP|ARM.ActiveCfg = Release|x64
		{D8470C8A-1434-4ACB-9CB5-B7EC3FD92903}.Debug_CPP|ARM.Build.0 = Release|x64
		{D8470C8A-1434-4ACB-9CB5-B7EC3FD92903}.Debug_CPP|ARM64.ActiveCfg = Release|x64
		{D8470C8A-1434-4ACB-9CB5-B7EC3FD92903}.Debug_CPP|ARM64.Build.0 = Release|x64
		{D8470C8A-1434-4ACB-9CB5-B7EC3FD92903}.Debug_CPP|x64.ActiveCfg = Debug|x64
		{D8470C8A-1434-4ACB-9CB5-B7EC3FD92903}.Debug_CPP|x64.Build.0 = Debug|x64
		{D8470C8A-1434-4ACB-9CB5-B7EC3FD92903}.Debug_CPP|x86.ActiveCfg = Debug|Win32
		{D8470C8A-1434-4ACB-9CB5-B7EC3FD92903}.Debug_CPP|x86.Build.0 = Debug|Win32
		{D8470C8A-1434-4ACB-9CB5-B7EC3FD92903}.Debug_STAT|ARM.ActiveCfg = Release|x64
		{D8470C8A-1434-4ACB-9CB5-B7EC3FD92903}.Debug_STAT|ARM.Build.0 = Release|x64
		{D8470C8A-1434-4ACB-9CB5-B7EC3FD92903}.Debug_STAT|ARM64.ActiveCfg = Release|x64
		{D8470C8A-1434-4ACB-9CB5-B7EC3FD92903}.Debug_STAT|ARM64.Build.0 = Release|x64
		{D8470C8A-1434-4ACB-9CB5-B7EC3FD92903}.Debug_STAT|x64.ActiveCfg = Debug|x64
		{D8470C8A-1434-4ACB-9CB5-B7EC3FD92903}.Debug_STAT|x64.Build.0 = Debug|x64
		{D8470C8A-1434-4ACB-9CB5-B7EC3FD92903}.Debug_STAT|x86.ActiveCfg = Debug|Win32
		{D8470C8A-1434-4ACB-9CB5-B7EC3FD92903}.Debug_STAT|x86.Build.0 = Debug|Win32
		{D8470C8A-1434-4ACB-9CB5-B7EC3FD92903}.Debug|ARM.ActiveCfg = Debug|Win32
		{D8470C8A-1434-4ACB-9CB5-B7EC3FD92903}.Debug|ARM64.ActiveCfg = Debug|Win32
		{D8470C8A-1434-4ACB-9CB5-B7EC3FD92903}.Debug|x64.ActiveCfg = Debug|x64
		{D8470C8A-1434-4ACB-9CB5-B7EC3FD92903}.Debug|x64.Build.0 = Debug|x64
		{D8470C8A-1434-4ACB-9CB5-B7EC3FD92903}.Debug|x86.ActiveCfg = Debug|Win32
		{D8470C8A-1434-4ACB-9CB5-B7EC3FD92903}.Debug|x86.Build.0 = Debug|Win32
		{D8470C8A-1434-4ACB-9CB5-B7EC3FD92903}.Debug-Xbox|ARM.ActiveCfg = Release|x64
		{D8470C8A-1434-4ACB-9CB5-B7EC3FD92903}.Debug-Xbox|ARM.Build.0 = Release|x64
		{D8470C8A-1434-4ACB-9CB5-B7EC3FD92903}.Debug-Xbox|ARM64.ActiveCfg = Release|x64
		{D8470C8A-1434-4ACB-9CB5-B7EC3FD92903}.Debug-Xbox|ARM64.Build.0 = Release|x64
		{D8470C8A-1434-4ACB-9CB5-B7EC3FD92903}.Debug-Xbox|x64.ActiveCfg = Debug|x64
		{D8470C8A-1434-4ACB-9CB5-B7EC3FD92903}.Debug-Xbox|x64.Build.0 = Debug|x64
		{D8470C8A-1434-4ACB-9CB5-B7EC3FD92903}.Debug-Xbox|x86.ActiveCfg = Debug|Win32
		{D8470C8A-1434-4ACB-9CB5-B7EC3FD92903}.Debug-Xbox|x86.Build.0 = Debug|Win32
		{D8470C8A-1434-4ACB-9CB5-B7EC3FD92903}.Release_CPP|ARM.ActiveCfg = Release|x64
		{D8470C8A-1434-4ACB-9CB5-B7EC3FD92903}.Release_CPP|ARM.Build.0 = Release|x64
		{D8470C8A-1434-4ACB-9CB5-B7EC3FD92903}.Release_CPP|ARM64.ActiveCfg = Release|x64
		{D8470C8A-1434-4ACB-9CB5-B7EC3FD92903}.Release_CPP|ARM64.Build.0 = Release|x64
		{D8470C8A-1434-4ACB-9CB5-B7EC3FD92903}.Release_CPP|x64.ActiveCfg = Release|x64
		{D8470C8A-1434-4ACB-9CB5-B7EC3FD92903}.Release_CPP|x64.Build.0 = Release|x64
		{D8470C8A-1434-4ACB-9CB5-B7EC3FD92903}.Release_CPP|x86.ActiveCfg = Release|Win32
		{D8470C8A-1434-4ACB-9CB5-B7EC3FD92903}.Release_CPP|x86.Build.0 = Release|Win32
		{D8470C8A-1434-4ACB-9CB5-B7EC3FD92903}.Release_STAT|ARM.ActiveCfg = Release|x64
		{D8470C8A-1434-4ACB-9CB5-B7EC3FD92903}.Release_STAT|ARM.Build.0 = Release|x64
		{D8470C8A-1434-4ACB-9CB5-B7EC3FD92903}.Release_STAT|ARM64.ActiveCfg = Release|x64
		{D8470C8A-1434-4ACB-9CB5-B7EC3FD92903}.Release_STAT|ARM64.Build.0 = Release|x64
		{D8470C8A-1434-4ACB-9CB5-B7EC3FD92903}.Release_STAT|x64.ActiveCfg = Release|x64
		{D8470C8A-1434-4ACB-9CB5-B7EC3FD92903}.Release_STAT|x64.Build.0 = Release|x64
		{D8470C8A-1434-4ACB-9CB5-B7EC3FD92903}.Release_STAT|x86.ActiveCfg = Release|Win32
		{D8470C8A-1434-4ACB-9CB5-B7EC3FD92903}.Release_STAT|x86.Build.0 = Release|Win32
		{D8470C8A-1434-4ACB-9CB5-B7EC3FD92903}.Release|ARM.ActiveCfg = Release|Win32
		{D8470C8A-1434-4ACB-9CB5-B7EC3FD92903}.Release|ARM64.ActiveCfg = Release|Win32
		{D8470C8A-1434-4ACB-9CB5-B7EC3FD92903}.Release|x64.ActiveCfg = Release|x64
		{D8470C8A-1434-4ACB-9CB5-B7EC3FD92903}.Release|x64.Build.0 = Release|x64
		{D8470C8A-1434-4ACB-9CB5-B7EC3FD92903}.Release|x86.ActiveCfg = Release|Win32
		{D8470C8A-1434-4ACB-9CB5-B7EC3FD92903}.Release|x86.Build.0 = Release|Win32
		{D8470C8A-1434-4ACB-9CB5-B7EC3FD92903}.Release-Xbox|ARM.ActiveCfg = Release|x64
		{D8470C8A-1434-4ACB-9CB5-B7EC3FD92903}.Release-Xbox|ARM.Build.0 = Release|x64
		{D8470C8A-1434-4ACB-9CB5-B7EC3FD92903}.Release-Xbox|ARM64.ActiveCfg = Release|x64
		{D8470C8A-1434-4ACB-9CB5-B7EC3FD92903}.Release-Xbox|ARM64.Build.0 = Release|x64
		{D8470C8A-1434-4ACB-9CB5-B7EC3FD92903}.Release-Xbox|x64.ActiveCfg = Release|x64
		{D8470C8A-1434-4ACB-9CB5-B7EC3FD92903}.Release-Xbox|x64.Build.0 = Release|x64
		{D8470C8A-1434-4ACB-9CB5-B7EC3FD92903}.Release-Xbox|x86.ActiveCfg = Release|Win32
		{D8470C8A-1434-4ACB-9CB5-B7EC3FD92903}.Release-Xbox|x86.Build.0 = Release|Win32
		{D8470C8A-1434-4ACB-9CB5-B7EC3FD92903}.Vista Debug|ARM.ActiveCfg = Release|x64
		{D8470C8A-1434-4ACB-9CB5-B7EC3FD92903}.Vista Debug|ARM.Build.0 = Release|x64
		{D8470C8A-1434-4ACB-9CB5-B7EC3FD92903}.Vista Debug|ARM64.ActiveCfg = Release|x64
		{D8470C8A-1434-4ACB-9CB5-B7EC3FD92903}.Vista Debug|ARM64.Build.0 = Release|x64
		{D8470C8A-1434-4ACB-9CB5-B7EC3FD92903}.Vista Debug|x64.ActiveCfg = Debug|x64
		{D8470C8A-1434-4ACB-9CB5-B7EC3FD92903}.Vista Debug|x64.Build.0 = Debug|x64
		{D8470C8A-1434-4ACB-9CB5-B7EC3FD92903}.Vista Debug|x86.ActiveCfg = Debug|Win32
		{D8470C8A-1434-4ACB-9CB5-B7EC3FD92903}.Vista Debug|x86.Build.0 = Debug|Win32
		{D8470C8A-1434-4ACB-9CB5-B7EC3FD92903}.Vista Release|ARM.ActiveCfg = Release|x64
		{D8470C8A-1434-4ACB-9CB5-B7EC3FD92903}.Vista Release|ARM.Build.0 = Release|x64
		{D8470C8A-1434-4ACB-9CB5-B7EC3FD92903}.Vista Release|ARM64.ActiveCfg = Release|x64
		{D8470C8A-1434-4ACB-9CB5-B7EC3FD92903}.Vista Release|ARM64.Build.0 = Release|x64
		{D8470C8A-1434-4ACB-9CB5-B7EC3FD92903}.Vista Release|x64.ActiveCfg = Release|x64
		{D8470C8A-1434-4ACB-9CB5-B7EC3FD92903}.Vista Release|x64.Build.0 = Release|x64
		{D8470C8A-1434-4ACB-9CB5-B7EC3FD92903}.Vista Release|x86.ActiveCfg = Release|Win32
		{D8470C8A-1434-4ACB-9CB5-B7EC3FD92903}.Vista Release|x86.Build.0 = Release|Win32
		{D8470C8A-1434-4ACB-9CB5-B7EC3FD92903}.Win7 Debug|ARM.ActiveCfg = Release|x64
		{D8470C8A-1434-4ACB-9CB5-B7EC3FD92903}.Win7 Debug|ARM.Build.0 = Release|x64
		{D8470C8A-1434-4ACB-9CB5-B7EC3FD92903}.Win7 Debug|ARM64.ActiveCfg = Release|x64
		{D8470C8A-1434-4ACB-9CB5-B7EC3FD92903}.Win7 Debug|ARM64.Build.0 = Release|x64
		{D8470C8A-1434-4ACB-9CB5-B7EC3FD92903}.Win7 Debug|x64.ActiveCfg = Debug|x64
		{D8470C8A-1434-4ACB-9CB5-B7EC3FD92903}.Win7 Debug|x64.Build.0 = Debug|x64
		{D8470C8A-1434-4ACB-9CB5-B7EC3FD92903}.Win7 Debug|x86.ActiveCfg = Debug|Win32
		{D8470C8A-1434-4ACB-9CB5-B7EC3FD92903}.Win7 Debug|x86.Build.0 = Debug|Win32
		{D8470C8A-1434-4ACB-9CB5-B7EC3FD92903}.Win7 Release|ARM.ActiveCfg = Release|x64
		{D8470C8A-1434-4ACB-9CB5-B7EC3FD92903}.Win7 Release|ARM.Build.0 = Release|x64
		{D8470C8A-1434-4ACB-9CB5-B7EC3FD92903}.Win7 Release|ARM64.ActiveCfg = Release|x64
		{D8470C8A-1434-4ACB-9CB5-B7EC3FD92903}.Win7 Release|ARM64.Build.0 = Release|x64
		{D8470C8A-1434-4ACB-9CB5-B7EC3FD92903}.Win7 Release|x64.ActiveCfg = Release|x64
		{D8470C8A-1434-4ACB-9CB5-B7EC3FD92903}.Win7 Release|x64.Build.0 = Release|x64
		{D8470C8A-1434-4ACB-9CB5-B7EC3FD92903}.Win7 Release|x86.ActiveCfg = Release|Win32
		{D8470C8A-1434-4ACB-9CB5-B7EC3FD92903}.Win7 Release|x86.Build.0 = Release|Win32
		{D8470C8A-1434-4ACB-9CB5-B7EC3FD92903}.Win8 Debug|ARM.ActiveCfg = Release|x64
		{D8470C8A-1434-4ACB-9CB5-B7EC3FD92903}.Win8 Debug|ARM.Build.0 = Release|x64
		{D8470C8A-1434-4ACB-9CB5-B7EC3FD92903}.Win8 Debug|ARM64.ActiveCfg = Release|x64
		{D8470C8A-1434-4ACB-9CB5-B7EC3FD92903}.Win8 Debug|ARM64.Build.0 = Release|x64
		{D8470C8A-1434-4ACB-9CB5-B7EC3FD92903}.Win8 Debug|x64.ActiveCfg = Debug|x64
		{D8470C8A-1434-4ACB-9CB5-B7EC3FD92903}.Win8 Debug|x64.Build.0 = Debug|x64
		{D8470C8A-1434-4ACB-9CB5-B7EC3FD92903}.Win8 Debug|x86.ActiveCfg = Debug|Win32
		{D8470C8A-1434-4ACB-9CB5-B7EC3FD92903}.Win8 Debug|x86.Build.0 = Debug|Win32
		{D8470C8A-1434-4ACB-9CB5-B7EC3FD92903}.Win8 Release|ARM.ActiveCfg = Release|x64
		{D8470C8A-1434-4ACB-9CB5-B7EC3FD92903}.Win8 Release|ARM.Build.0 = Release|x64
		{D8470C8A-1434-4ACB-9CB5-B7EC3FD92903}.Win8 Release|ARM64.ActiveCfg = Release|x64
		{D8470C8A-1434-4ACB-9CB5-B7EC3FD92903}.Win8 Release|ARM64.Build.0 = Release|x64
		{D8470C8A-1434-4ACB-9CB5-B7EC3FD92903}.Win8 Release|x64.ActiveCfg = Release|x64
		{D8470C8A-1434-4ACB-9CB5-B7EC3FD92903}.Win8 Release|x64.Build.0 = Release|x64
		{D8470C8A-1434-4ACB-9CB5-B7EC3FD92903}.Win8 Release|x86.ActiveCfg = Release|Win32
		{D8470C8A-1434-4ACB-9CB5-B7EC3FD92903}.Win8 Release|x86.Build.0 = Release|Win32
		{F7AB57BB-BA05-44F7-BD41-C39290DFE829}.Debug_CPP|ARM.ActiveCfg = Release|x64
		{F7AB57BB-BA05-44F7-BD41-C39290DFE829}.Debug_CPP|ARM.Build.0 = Release|x64
		{F7AB57BB-BA05-44F7-BD41-C39290DFE829}.Debug_CPP|ARM64.ActiveCfg = Release|x64
		{F7AB57BB-BA05-44F7-BD41-C39290DFE829}.Debug_CPP|ARM64.Build.0 = Release|x64
		{F7AB57BB-BA05-44F7-BD41-C39290DFE829}.Debug_CPP|x64.ActiveCfg = Debug|x64
		{F7AB57BB-BA05-44F7-BD41-C39290DFE829}.Debug_CPP|x64.Build.0 = Debug|x64
		{F7AB57BB-BA05-44F7-BD41-C39290DFE829}.Debug_CPP|x86.ActiveCfg = Debug|Win32
		{F7AB57BB-BA05-44F7-BD41-C39290DFE829}.Debug_CPP|x86.Build.0 = Debug|Win32
		{F7AB57BB-BA05-44F7-BD41-C39290DFE829}.Debug_STAT|ARM.ActiveCfg = Release|x64
		{F7AB57BB-BA05-44F7-BD41-C39290DFE829}.Debug_STAT|ARM.Build.0 = Release|x64
		{F7AB57BB-BA05-44F7-BD41-C39290DFE829}.Debug_STAT|ARM64.ActiveCfg = Release|x64
		{F7AB57BB-BA05-44F7-BD41-C39290DFE829}.Debug_STAT|ARM64.Build.0 = Release|x64
		{F7AB57BB-BA05-44F7-BD41-C39290DFE829}.Debug_STAT|x64.ActiveCfg = Debug|x64
		{F7AB57BB-BA05-44F7-BD41-C39290DFE829}.Debug_STAT|x64.Build.0 = Debug|x64
		{F7AB57BB-BA05-44F7-BD41-C39290DFE829}.Debug_STAT|x86.ActiveCfg = Debug|Win32
		{F7AB57BB-BA05-44F7-BD41-C39290DFE829}.Debug_STAT|x86.Build.0 = Debug|Win32
		{F7AB57BB-BA05-44F7-BD41-C39290DFE829}.Debug|ARM.ActiveCfg = Debug|Win32
		{F7AB57BB-BA05-44F7-BD41-C39290DFE829}.Debug|ARM64.ActiveCfg = Debug|Win32
		{F7AB57BB-BA05-44F7-BD41-C39290DFE829}.Debug|x64.ActiveCfg = Debug|x64
		{F7AB57BB-BA05-44F7-BD41-C39290DFE829}.Debug|x64.Build.0 = Debug|x64
		{F7AB57BB-BA05-44F7-BD41-C39290DFE829}.Debug|x86.ActiveCfg = Debug|Win32
		{F7AB57BB-BA05-44F7-BD41-C39290DFE829}.Debug|x86.Build.0 = Debug|Win32
		{F7AB57BB-BA05-44F7-BD41-C39290DFE829}.Debug-Xbox|ARM.ActiveCfg = Release|x64
		{F7AB57BB-BA05-44F7-BD41-C39290DFE829}.Debug-Xbox|ARM.Build.0 = Release|x64
		{F7AB57BB-BA05-44F7-BD41-C39290DFE829}.Debug-Xbox|ARM64.ActiveCfg = Release|x64
		{F7AB57BB-BA05-44F7-BD41-C39290DFE829}.Debug-Xbox|ARM64.Build.0 = Release|x64
		{F7AB57BB-BA05-44F7-BD41-C39290DFE829}.Debug-Xbox|x64.ActiveCfg = Debug|x64
		{F7AB57BB-BA05-44F7-BD41-C39290DFE829}.Debug-Xbox|x64.Build.0 = Debug|x64
		{F7AB57BB-BA05-44F7-BD41-C39290DFE829}.Debug-Xbox|x86.ActiveCfg = Debug|Win32
		{F7AB57BB-BA05-44F7-BD41-C39290DFE829}.Debug-Xbox|x86.Build.0 = Debug|Win32
		{F7AB57BB-BA05-44F7-BD41-C39290DFE829}.Release_CPP|ARM.ActiveCfg = Release|x64
		{F7AB57BB-BA05-44F7-BD41-C39290DFE829}.Release_CPP|ARM.Build.0 = Release|x64
		{F7AB57BB-BA05-44F7-BD41-C39290DFE829}.Release_CPP|ARM64.ActiveCfg = Release|x64
		{F7AB57BB-BA05-44F7-BD41-C39290DFE829}.Release_CPP|ARM64.Build.0 = Release|x64
		{F7AB57BB-BA05-44F7-BD41-C39290DFE829}.Release_CPP|x64.ActiveCfg = Release|x64
		{F7AB57BB-BA05-44F7-BD41-C39290DFE829}.Release_CPP|x64.Build.0 = Release|x64
		{F7AB57BB-BA05-44F7-BD41-C39290DFE829}.Release_CPP|x86.ActiveCfg = Release|Win32
		{F7AB57BB-BA05-44F7-BD41-C39290DFE829}.Release_CPP|x86.Build.0 = Release|Win32
		{F7AB57BB-BA05-44F7-BD41-C39290DFE829}.Release_STAT|ARM.ActiveCfg = Release|x64
		{F7AB57BB-BA05-44F7-BD41-C39290DFE829}.Release_STAT|ARM.Build.0 = Release|x64
		{F7AB57BB-BA05-44F7-BD41-C39290DFE829}.Release_STAT|ARM64.ActiveCfg = Release|x64
		{F7AB57BB-BA05-44F7-BD41-C39290DFE829}.Release_STAT|ARM64.Build.0 = Release|x64
		{F7AB57BB-BA05-44F7-BD41-C39290DFE829}.Release_STAT|x64.ActiveCfg = Release|x64
		{F7AB57BB-BA05-44F7-BD41-C39290DFE829}.Release_STAT|x64.Build.0 = Release|x64
		{F7AB57BB-BA05-44F7-BD41-C39290DFE829}.Release_STAT|x86.ActiveCfg = Release|Win32
		{F7AB57BB-BA05-44F7-BD41-C39290DFE829}.Release_STAT|x86.Build.0 = Release|Win32
		{F7AB57BB-BA05-44F7-BD41-C39290DFE829}.Release|ARM.ActiveCfg = Release|Win32
		{F7AB57BB-BA05-44F7-BD41-C39290DFE829}.Release|ARM64.ActiveCfg = Release|Win32
		{F7AB57BB-BA05-44F7-BD41-C39290DFE829}.Release|x64.ActiveCfg = Release|x64
		{F7AB57BB-BA05-44F7-BD41-C39290DFE829}.Release|x64.Build.0 = Release|x64
		{F7AB57BB-BA05-44F7-BD41-C39290DFE829}.Release|x86.ActiveCfg = Release|Win32
		{F7AB57BB-BA05-44F7-BD41-C39290DFE829}.Release|x86.Build.0 = Release|Win32
		{F7AB57BB-BA05-44F7-BD41-C39290DFE829}.Release-Xbox|ARM.ActiveCfg = Release|x64
		{F7AB57BB-BA05-44F7-BD41-C39290DFE829}.Release-Xbox|ARM.Build.0 = Release|x64
		{F7AB57BB-BA05-44F7-BD41-C39290DFE829}.Release-Xbox|ARM64.ActiveCfg = Release|x64
		{F7AB57BB-BA05-44F7-BD41-C39290DFE829}.Release-Xbox|ARM64.Build.0 = Release|x64
		{F7AB57BB-BA05-44F7-BD41-C39290DFE829}.Release-Xbox|x64.ActiveCfg = Release|x64
		{F7AB57BB-BA05-44F7-BD41-C39290DFE829}.Release-Xbox|x64.Build.0 = Release|x64
		{F7AB57BB-BA05-44F7-BD41-C39290DFE829}.Release-Xbox|x86.ActiveCfg = Release|Win32
		{F7AB57BB-BA05-44F7-BD41-C39290DFE829}.Release-Xbox|x86.Build.0 = Release|Win32
		{F7AB57BB-BA05-44F7-BD41-C39290DFE829}.Vista Debug|ARM.ActiveCfg = Release|x64
		{F7AB57BB-BA05-44F7-BD41-C39290DFE829}.Vista Debug|ARM.Build.0 = Release|x64
		{F7AB57BB-BA05-44F7-BD41-C39290DFE829}.Vista Debug|ARM64.ActiveCfg = Release|x64
		{F7AB57BB-BA05-44F7-BD41-C39290DFE829}.Vista Debug|ARM64.Build.0 = Release|x64
		{F7AB57BB-BA05-44F7-BD41-C39290DFE829}.Vista Debug|x64.ActiveCfg = Debug|x64
		{F7AB57BB-BA05-44F7-BD41-C39290DFE829}.Vista Debug|x64.Build.0 = Debug|x64
		{F7AB57BB-BA05-44F7-BD41-C39290DFE829}.Vista Debug|x86.ActiveCfg = Debug|Win32
		{F7AB57BB-BA05-44F7-BD41-C39290DFE829}.Vista Debug|x86.Build.0 = Debug|Win32
		{F7AB57BB-BA05-44F7-BD41-C39290DFE829}.Vista Release|ARM.ActiveCfg = Release|x64
		{F7AB57BB-BA05-44F7-BD41-C39290DFE829}.Vista Release|ARM.Build.0 = Release|x64
		{F7AB57BB-BA05-44F7-BD41-C39290DFE829}.Vista Release|ARM64.ActiveCfg = Release|x64
		{F7AB57BB-BA05-44F7-BD41-C39290DFE829}.Vista Release|ARM64.Build.0 = Release|x64
		{F7AB57BB-BA05-44F7-BD41-C39290DFE829}.Vista Release|x64.ActiveCfg = Release|x64
		{F7AB57BB-BA05-44F7-BD41-C39290DFE829}.Vista Release|x64.Build.0 = Release|x64
		{F7AB57BB-BA05-44F7-BD41-C39290DFE829}.Vista Release|x86.ActiveCfg = Release|Win32
		{F7AB57BB-BA05-44F7-BD41-C39290DFE829}.Vista Release|x86.Build.0 = Release|Win32
		{F7AB57BB-BA05-44F7-BD41-C39290DFE829}.Win7 Debug|ARM.ActiveCfg = Release|x64
		{F7AB57BB-BA05-44F7-BD41-C39290DFE829}.Win7 Debug|ARM.Build.0 = Release|x64
		{F7AB57BB-BA05-44F7-BD41-C39290DFE829}.Win7 Debug|ARM64.ActiveCfg = Release|x64
		{F7AB57BB-BA05-44F7-BD41-C39290DFE829}.Win7 Debug|ARM64.Build.0 = Release|x64
		{F7AB57BB-BA05-44F7-BD41-C39290DFE829}.Win7 Debug|x64.ActiveCfg = Debug|x64
		{F7AB57BB-BA05-44F7-BD41-C39290DFE829}.Win7 Debug|x64.Build.0 = Debug|x64
		{F7AB57BB-BA05-44F7-BD41-C39290DFE829}.Win7 Debug|x86.ActiveCfg = Debug|Win32
		{F7AB57BB-BA05-44F7-BD41-C39290DFE829}.Win7 Debug|x86.Build.0 = Debug|Win32
		{F7AB57BB-BA05-44F7-BD41-C39290DFE829}.Win7 Release|ARM.ActiveCfg = Release|x64
		{F7AB57BB-BA05-44F7-BD41-C39290DFE829}.Win7 Release|ARM.Build.0 = Release|x64
		{F7AB57BB-BA05-44F7-BD41-C39290DFE829}.Win7 Release|ARM64.ActiveCfg = Release|x64
		{F7AB57BB-BA05-44F7-BD41-C39290DFE829}.Win7 Release|ARM64.Build.0 = Release|x64
		{F7AB57BB-BA05-44F7-BD41-C39290DFE829}.Win7 Release|x64.ActiveCfg = Release|x64
		{F7AB57BB-BA05-44F7-BD41-C39290DFE829}.Win7 Release|x64.Build.0 = Release|x64
		{F7AB57BB-BA05-44F7-BD41-C39290DFE829}.Win7 Release|x86.ActiveCfg = Release|Win32
		{F7AB57BB-BA05-44F7-BD41-C39290DFE829}.Win7 Release|x86.Build.0 = Release|Win32
		{F7AB57BB-BA05-44F7-BD41-C39290DFE829}.Win8 Debug|ARM.ActiveCfg = Release|x64
		{F7AB57BB-BA05-44F7-BD41-C39290DFE829}.Win8 Debug|ARM.Build.0 = Release|x64
		{F7AB57BB-BA05-44F7-BD41-C39290DFE829}.Win8 Debug|ARM64.ActiveCfg = Release|x64
		{F7AB57BB-BA05-44F7-BD41-C39290DFE829}.Win8 Debug|ARM64.Build.0 = Release|x64
		{F7AB57BB-BA05-44F7-BD41-C39290DFE829}.Win8 Debug|x64.ActiveCfg = Debug|x64
		{F7AB57BB-BA05-44F7-BD41-C39290DFE829}.Win8 Debug|x64.Build.0 = Debug|x64
		{F7AB57BB-BA05-44F7-BD41-C39290DFE829}.Win8 Debug|x86.ActiveCfg = Debug|Win32
		{F7AB57BB-BA05-44F7-BD41-C39290DFE829}.Win8 Debug|x86.Build.0 = Debug|Win32
		{F7AB57BB-BA05-44F7-BD41-C39290DFE829}.Win8 Release|ARM.ActiveCfg = Release|x64
		{F7AB57BB-BA05-44F7-BD41-C39290DFE829}.Win8 Release|ARM.Build.0 = Release|x64
		{F7AB57BB-BA05-44F7-BD41-C39290DFE829}.Win8 Release|ARM64.ActiveCfg = Release|x64
		{F7AB57BB-BA05-44F7-BD41-C39290DFE829}.Win8 Release|ARM64.Build.0 = Release|x64
		{F7AB57BB-BA05-44F7-BD41-C39290DFE829}.Win8 Release|x64.ActiveCfg = Release|x64
		{F7AB57BB-BA05-44F7-BD41-C39290DFE829}.Win8 Release|x64.Build.0 = Release|x64
		{F7AB57BB-BA05-44F7-BD41-C39290DFE829}.Win8 Release|x86.ActiveCfg = Release|Win32
		{F7AB57BB-BA05-44F7-BD41-C39290DFE829}.Win8 Release|x86.Build.0 = Release|Win32
		{9EB6193B-FCC1-450F-9B1F-B64E8B380940}.Debug_CPP|ARM.ActiveCfg = Release|x64
		{9EB6193B-FCC1-450F-9B1F-B64E8B380940}.Debug_CPP|ARM.Build.0 = Release|x64
		{9EB6193B-FCC1-450F-9B1F-B64E8B380940}.Debug_CPP|ARM64.ActiveCfg = Release|x64
		{9EB6193B-FCC1-450F-9B1F-B64E8B380940}.Debug_CPP|ARM64.Build.0 = Release|x64
		{9EB6193B-FCC1-450F-9B1F-B64E8B380940}.Debug_CPP|x64.ActiveCfg = Debug_STAT|x64
		{9EB6193B-FCC1-450F-9B1F-B64E8B380940}.Debug_CPP|x64.Build.0 = Debug_STAT|x64
		{9EB6193B-FCC1-450F-9B1F-B64E8B380940}.Debug_CPP|x86.ActiveCfg = Debug_STAT|Win32
		{9EB6193B-FCC1-450F-9B1F-B64E8B380940}.Debug_CPP|x86.Build.0 = Debug_STAT|Win32
		{9EB6193B-FCC1-450F-9B1F-B64E8B380940}.Debug_STAT|ARM.ActiveCfg = Debug_STAT|Win32
		{9EB6193B-FCC1-450F-9B1F-B64E8B380940}.Debug_STAT|ARM64.ActiveCfg = Debug_STAT|Win32
		{9EB6193B-FCC1-450F-9B1F-B64E8B380940}.Debug_STAT|x64.ActiveCfg = Debug_STAT|x64
		{9EB6193B-FCC1-450F-9B1F-B64E8B380940}.Debug_STAT|x64.Build.0 = Debug_STAT|x64
		{9EB6193B-FCC1-450F-9B1F-B64E8B380940}.Debug_STAT|x86.ActiveCfg = Debug_STAT|Win32
		{9EB6193B-FCC1-450F-9B1F-B64E8B380940}.Debug_STAT|x86.Build.0 = Debug_STAT|Win32
		{9EB6193B-FCC1-450F-9B1F-B64E8B380940}.Debug|ARM.ActiveCfg = Debug|Win32
		{9EB6193B-FCC1-450F-9B1F-B64E8B380940}.Debug|ARM64.ActiveCfg = Debug|Win32
		{9EB6193B-FCC1-450F-9B1F-B64E8B380940}.Debug|x64.ActiveCfg = Debug|x64
		{9EB6193B-FCC1-450F-9B1F-B64E8B380940}.Debug|x64.Build.0 = Debug|x64
		{9EB6193B-FCC1-450F-9B1F-B64E8B380940}.Debug|x86.ActiveCfg = Debug|Win32
		{9EB6193B-FCC1-450F-9B1F-B64E8B380940}.Debug|x86.Build.0 = Debug|Win32
		{9EB6193B-FCC1-450F-9B1F-B64E8B380940}.Debug-Xbox|ARM.ActiveCfg = Release|x64
		{9EB6193B-FCC1-450F-9B1F-B64E8B380940}.Debug-Xbox|ARM.Build.0 = Release|x64
		{9EB6193B-FCC1-450F-9B1F-B64E8B380940}.Debug-Xbox|ARM64.ActiveCfg = Release|x64
		{9EB6193B-FCC1-450F-9B1F-B64E8B380940}.Debug-Xbox|ARM64.Build.0 = Release|x64
		{9EB6193B-FCC1-450F-9B1F-B64E8B380940}.Debug-Xbox|x64.ActiveCfg = Debug|x64
		{9EB6193B-FCC1-450F-9B1F-B64E8B380940}.Debug-Xbox|x64.Build.0 = Debug|x64
		{9EB6193B-FCC1-450F-9B1F-B64E8B380940}.Debug-Xbox|x86.ActiveCfg = Debug|Win32
		{9EB6193B-FCC1-450F-9B1F-B64E8B380940}.Debug-Xbox|x86.Build.0 = Debug|Win32
		{9EB6193B-FCC1-450F-9B1F-B64E8B380940}.Release_CPP|ARM.ActiveCfg = Release|x64
		{9EB6193B-FCC1-450F-9B1F-B64E8B380940}.Release_CPP|ARM.Build.0 = Release|x64
		{9EB6193B-FCC1-450F-9B1F-B64E8B380940}.Release_CPP|ARM64.ActiveCfg = Release|x64
		{9EB6193B-FCC1-450F-9B1F-B64E8B380940}.Release_CPP|ARM64.Build.0 = Release|x64
		{9EB6193B-FCC1-450F-9B1F-B64E8B380940}.Release_CPP|x64.ActiveCfg = Release_STAT|x64
		{9EB6193B-FCC1-450F-9B1F-B64E8B380940}.Release_CPP|x64.Build.0 = Release_STAT|x64
		{9EB6193B-FCC1-450F-9B1F-B64E8B380940}.Release_CPP|x86.ActiveCfg = Release_STAT|Win32
		{9EB6193B-FCC1-450F-9B1F-B64E8B380940}.Release_CPP|x86.Build.0 = Release_STAT|Win32
		{9EB6193B-FCC1-450F-9B1F-B64E8B380940}.Release_STAT|ARM.ActiveCfg = Release_STAT|Win32
		{9EB6193B-FCC1-450F-9B1F-B64E8B380940}.Release_STAT|ARM64.ActiveCfg = Release_STAT|Win32
		{9EB6193B-FCC1-450F-9B1F-B64E8B380940}.Release_STAT|x64.ActiveCfg = Release_STAT|x64
		{9EB6193B-FCC1-450F-9B1F-B64E8B380940}.Release_STAT|x64.Build.0 = Release_STAT|x64
		{9EB6193B-FCC1-450F-9B1F-B64E8B380940}.Release_STAT|x86.ActiveCfg = Release_STAT|Win32
		{9EB6193B-FCC1-450F-9B1F-B64E8B380940}.Release_STAT|x86.Build.0 = Release_STAT|Win32
		{9EB6193B-FCC1-450F-9B1F-B64E8B380940}.Release|ARM.ActiveCfg = Release|Win32
		{9EB6193B-FCC1-450F-9B1F-B64E8B380940}.Release|ARM64.ActiveCfg = Release|Win32
		{9EB6193B-FCC1-450F-9B1F-B64E8B380940}.Release|x64.ActiveCfg = Release|x64
		{9EB6193B-FCC1-450F-9B1F-B64E8B380940}.Release|x64.Build.0 = Release|x64
		{9EB6193B-FCC1-450F-9B1F-B64E8B380940}.Release|x86.ActiveCfg = Release|Win32
		{9EB6193B-FCC1-450F-9B1F-B64E8B380940}.Release|x86.Build.0 = Release|Win32
		{9EB6193B-FCC1-450F-9B1F-B64E8B380940}.Release-Xbox|ARM.ActiveCfg = Release|x64
		{9EB6193B-FCC1-450F-9B1F-B64E8B380940}.Release-Xbox|ARM.Build.0 = Release|x64
		{9EB6193B-FCC1-450F-9B1F-B64E8B380940}.Release-Xbox|ARM64.ActiveCfg = Release|x64
		{9EB6193B-FCC1-450F-9B1F-B64E8B380940}.Release-Xbox|ARM64.Build.0 = Release|x64
		{9EB6193B-FCC1-450F-9B1F-B64E8B380940}.Release-Xbox|x64.ActiveCfg = Release|x64
		{9EB6193B-FCC1-450F-9B1F-B64E8B380940}.Release-Xbox|x64.Build.0 = Release|x64
		{9EB6193B-FCC1-450F-9B1F-B64E8B380940}.Release-Xbox|x86.ActiveCfg = Release_STAT|Win32
		{9EB6193B-FCC1-450F-9B1F-B64E8B380940}.Release-Xbox|x86.Build.0 = Release_STAT|Win32
		{9EB6193B-FCC1-450F-9B1F-B64E8B380940}.Vista Debug|ARM.ActiveCfg = Release|x64
		{9EB6193B-FCC1-450F-9B1F-B64E8B380940}.Vista Debug|ARM.Build.0 = Release|x64
		{9EB6193B-FCC1-450F-9B1F-B64E8B380940}.Vista Debug|ARM64.ActiveCfg = Release|x64
		{9EB6193B-FCC1-450F-9B1F-B64E8B380940}.Vista Debug|ARM64.Build.0 = Release|x64
		{9EB6193B-FCC1-450F-9B1F-B64E8B380940}.Vista Debug|x64.ActiveCfg = Debug|x64
		{9EB6193B-FCC1-450F-9B1F-B64E8B380940}.Vista Debug|x64.Build.0 = Debug|x64
		{9EB6193B-FCC1-450F-9B1F-B64E8B380940}.Vista Debug|x86.ActiveCfg = Debug|Win32
		{9EB6193B-FCC1-450F-9B1F-B64E8B380940}.Vista Debug|x86.Build.0 = Debug|Win32
		{9EB6193B-FCC1-450F-9B1F-B64E8B380940}.Vista Release|ARM.ActiveCfg = Release|x64
		{9EB6193B-FCC1-450F-9B1F-B64E8B380940}.Vista Release|ARM.Build.0 = Release|x64
		{9EB6193B-FCC1-450F-9B1F-B64E8B380940}.Vista Release|ARM64.ActiveCfg = Release|x64
		{9EB6193B-FCC1-450F-9B1F-B64E8B380940}.Vista Release|ARM64.Build.0 = Release|x64
		{9EB6193B-FCC1-450F-9B1F-B64E8B380940}.Vista Release|x64.ActiveCfg = Release|x64
		{9EB6193B-FCC1-450F-9B1F-B64E8B380940}.Vista Release|x64.Build.0 = Release|x64
		{9EB6193B-FCC1-450F-9B1F-B64E8B380940}.Vista Release|x86.ActiveCfg = Release|Win32
		{9EB6193B-FCC1-450F-9B1F-B64E8B380940}.Vista Release|x86.Build.0 = Release|Win32
		{9EB6193B-FCC1-450F-9B1F-B64E8B380940}.Win7 Debug|ARM.ActiveCfg = Release|x64
		{9EB6193B-FCC1-450F-9B1F-B64E8B380940}.Win7 Debug|ARM.Build.0 = Release|x64
		{9EB6193B-FCC1-450F-9B1F-B64E8B380940}.Win7 Debug|ARM64.ActiveCfg = Release|x64
		{9EB6193B-FCC1-450F-9B1F-B64E8B380940}.Win7 Debug|ARM64.Build.0 = Release|x64
		{9EB6193B-FCC1-450F-9B1F-B64E8B380940}.Win7 Debug|x64.ActiveCfg = Debug|x64
		{9EB6193B-FCC1-450F-9B1F-B64E8B380940}.Win7 Debug|x64.Build.0 = Debug|x64
		{9EB6193B-FCC1-450F-9B1F-B64E8B380940}.Win7 Debug|x86.ActiveCfg = Debug|Win32
		{9EB6193B-FCC1-450F-9B1F-B64E8B380940}.Win7 Debug|x86.Build.0 = Debug|Win32
		{9EB6193B-FCC1-450F-9B1F-B64E8B380940}.Win7 Release|ARM.ActiveCfg = Release|x64
		{9EB6193B-FCC1-450F-9B1F-B64E8B380940}.Win7 Release|ARM.Build.0 = Release|x64
		{9EB6193B-FCC1-450F-9B1F-B64E8B380940}.Win7 Release|ARM64.ActiveCfg = Release|x64
		{9EB6193B-FCC1-450F-9B1F-B64E8B380940}.Win7 Release|ARM64.Build.0 = Release|x64
		{9EB6193B-FCC1-450F-9B1F-B64E8B380940}.Win7 Release|x64.ActiveCfg = Release|x64
		{9EB6193B-FCC1-450F-9B1F-B64E8B380940}.Win7 Release|x64.Build.0 = Release|x64
		{9EB6193B-FCC1-450F-9B1F-B64E8B380940}.Win7 Release|x86.ActiveCfg = Release|Win32
		{9EB6193B-FCC1-450F-9B1F-B64E8B380940}.Win7 Release|x86.Build.0 = Release|Win32
		{9EB6193B-FCC1-450F-9B1F-B64E8B380940}.Win8 Debug|ARM.ActiveCfg = Release|x64
		{9EB6193B-FCC1-450F-9B1F-B64E8B380940}.Win8 Debug|ARM.Build.0 = Release|x64
		{9EB6193B-FCC1-450F-9B1F-B64E8B380940}.Win8 Debug|ARM64.ActiveCfg = Release|x64
		{9EB6193B-FCC1-450F-9B1F-B64E8B380940}.Win8 Debug|ARM64.Build.0 = Release|x64
		{9EB6193B-FCC1-450F-9B1F-B64E8B380940}.Win8 Debug|x64.ActiveCfg = Debug|x64
		{9EB6193B-FCC1-450F-9B1F-B64E8B380940}.Win8 Debug|x64.Build.0 = Debug|x64
		{9EB6193B-FCC1-450F-9B1F-B64E8B380940}.Win8 Debug|x86.ActiveCfg = Debug|Win32
		{9EB6193B-FCC1-450F-9B1F-B64E8B380940}.Win8 Debug|x86.Build.0 = Debug|Win32
		{9EB6193B-FCC1-450F-9B1F-B64E8B380940}.Win8 Release|ARM.ActiveCfg = Release|x64
		{9EB6193B-FCC1-450F-9B1F-B64E8B380940}.Win8 Release|ARM.Build.0 = Release|x64
		{9EB6193B-FCC1-450F-9B1F-B64E8B380940}.Win8 Release|ARM64.ActiveCfg = Release|x64
		{9EB6193B-FCC1-450F-9B1F-B64E8B380940}.Win8 Release|ARM64.Build.0 = Release|x64
		{9EB6193B-FCC1-450F-9B1F-B64E8B380940}.Win8 Release|x64.ActiveCfg = Release|x64
		{9EB6193B-FCC1-450F-9B1F-B64E8B380940}.Win8 Release|x64.Build.0 = Release|x64
		{9EB6193B-FCC1-450F-9B1F-B64E8B380940}.Win8 Release|x86.ActiveCfg = Release|Win32
		{9EB6193B-FCC1-450F-9B1F-B64E8B380940}.Win8 Release|x86.Build.0 = Release|Win32
	EndGlobalSection
	GlobalSection(SolutionProperties) = preSolution
		HideSolutionNode = FALSE
	EndGlobalSection
	GlobalSection(ExtensibilityGlobals) = postSolution
		SolutionGuid = {DAEB8199-3B59-422B-87DB-A05C415E3085}
	EndGlobalSection
EndGlobal
